
Microsoft Visual Studio Solution File, Format Version 12.00
# Visual Studio Version 17
VisualStudioVersion = 17.2.32630.192
MinimumVisualStudioVersion = 10.0.40219.1
Project("{FAE04EC0-301F-11D3-BF4B-00C04F79EFBC}") = "BlazorSample", "BlazorSample\BlazorSample.csproj", "{7B0FDD75-586E-4A02-AC97-9DCE37FC8E5D}"
EndProject
Global
	GlobalSection(SolutionConfigurationPlatforms) = preSolution
		Debug|Any CPU = Debug|Any CPU
		Release|Any CPU = Release|Any CPU
	EndGlobalSection
	GlobalSection(ProjectConfigurationPlatforms) = postSolution
		{7B0FDD75-586E-4A02-AC97-9DCE37FC8E5D}.Debug|Any CPU.ActiveCfg = Debug|Any CPU
		{7B0FDD75-586E-4A02-AC97-9DCE37FC8E5D}.Debug|Any CPU.Build.0 = Debug|Any CPU
		{7B0FDD75-586E-4A02-AC97-9DCE37FC8E5D}.Release|Any CPU.ActiveCfg = Release|Any CPU
		{7B0FDD75-586E-4A02-AC97-9DCE37FC8E5D}.Release|Any CPU.Build.0 = Release|Any CPU
	EndGlobalSection
	GlobalSection(SolutionProperties) = preSolution
		HideSolutionNode = FALSE
	EndGlobalSection
	GlobalSection(ExtensibilityGlobals) = postSolution
		SolutionGuid = {64CD2000-0FBA-448E-8ECD-16D374948130}
	EndGlobalSection
EndGlobal
